# This file is generated by running "yarn install" inside your project.
# Manual changes might be lost - proceed with caution!

__metadata:
  version: 6
  cacheKey: 8

"@tsconfig/node16@npm:^1.0.3":
  version: 1.0.3
  resolution: "@tsconfig/node16@npm:1.0.3"
  checksum: 3a8b657dd047495b7ad23437d6afd20297ce90380ff0bdee93fc7d39a900dbd8d9e26e53ff6b465e7967ce2adf0b218782590ce9013285121e6a5928fbd6819f
  languageName: node
  linkType: hard

"@types/node@npm:^18.0.6":
  version: 18.0.6
  resolution: "@types/node@npm:18.0.6"
  checksum: 780f8885a6b6eb12f4c0246617747fdc37a451931b3c01ce8148d356c0903b705dcb16cc6a914de63d48b0dc1b002c7a3dfae681f580e1761aa551d3cd996813
  languageName: node
  linkType: hard

"api-benchmark@workspace:.":
  version: 0.0.0-use.local
  resolution: "api-benchmark@workspace:."
  dependencies:
    "@tsconfig/node16": ^1.0.3
    "@types/node": ^18.0.6
    postgres: ^3.2.4
    typescript: 4.4
  languageName: unknown
  linkType: soft

"postgres@npm:^3.2.4":
  version: 3.2.4
  resolution: "postgres@npm:3.2.4"
  checksum: 613d09d66927bd436e286685881fa40297bac97ca3fc34359abf347f1e9cf00fb3c6fea328b004c632c507129e279883354b4e411d9c0c7478f88d670df78503
  languageName: node
  linkType: hard

"typescript@npm:4.4":
  version: 4.4.4
  resolution: "typescript@npm:4.4.4"
  bin:
    tsc: bin/tsc
    tsserver: bin/tsserver
  checksum: 89ecb8436bb48ef5594d49289f5f89103071716b6e4844278f4fb3362856e31203e187a9c76d205c3f0b674d221a058fd28310dbcbcf5d95e9a57229bb5203f1
  languageName: node
  linkType: hard

"typescript@patch:typescript@4.4#~builtin<compat/typescript>":
  version: 4.4.4
  resolution: "typescript@patch:typescript@npm%3A4.4.4#~builtin<compat/typescript>::version=4.4.4&hash=f456af"
  bin:
    tsc: bin/tsc
    tsserver: bin/tsserver
  checksum: 3d1b04449662193544b81d055479d03b4c5dca95f1a82f8922596f089d894c9fefbe16639d1d9dfe26a7054419645530cef44001bc17aed1fe1eb3c237e9b3c7
  languageName: node
  linkType: hard
